// !$*UTF8*$!
{
	archiveVersion = 1;
	classes = {
	};
	objectVersion = 56;
	objects = {

/* Begin PBXBuildFile section */
		A10001 /* WeeOrchestratorApp.swift in Sources */ = {isa = PBXBuildFile; fileRef = B10001; };
		A10002 /* ContentView.swift in Sources */ = {isa = PBXBuildFile; fileRef = B10002; };
		A10003 /* WeeModels.swift in Sources */ = {isa = PBXBuildFile; fileRef = B10003; };
		A10004 /* WeeAPIClient.swift in Sources */ = {isa = PBXBuildFile; fileRef = B10004; };
		A10005 /* WeeAppModel.swift in Sources */ = {isa = PBXBuildFile; fileRef = B10005; };
		A10006 /* KeychainStore.swift in Sources */ = {isa = PBXBuildFile; fileRef = B10006; };
		A10007 /* WeeTheme.swift in Sources */ = {isa = PBXBuildFile; fileRef = B10007; };
		A10008 /* ChatView.swift in Sources */ = {isa = PBXBuildFile; fileRef = B10008; };
		A10009 /* TasksView.swift in Sources */ = {isa = PBXBuildFile; fileRef = B10009; };
		A10010 /* KanbanView.swift in Sources */ = {isa = PBXBuildFile; fileRef = B10010; };
		A10011 /* AgentsView.swift in Sources */ = {isa = PBXBuildFile; fileRef = B10011; };
		A10012 /* SettingsView.swift in Sources */ = {isa = PBXBuildFile; fileRef = B10012; };
		A10013 /* Assets.xcassets in Resources */ = {isa = PBXBuildFile; fileRef = B10014; };
		A10014 /* MarkdownText.swift in Sources */ = {isa = PBXBuildFile; fileRef = B10016; };
		A10015 /* HistorySessionMerge.swift in Sources */ = {isa = PBXBuildFile; fileRef = B10017; };
		A10016 /* HistorySessionMergeTests.swift in Sources */ = {isa = PBXBuildFile; fileRef = B10018; };
		A10017 /* LocalModelsView.swift in Sources */ = {isa = PBXBuildFile; fileRef = B10019; };
		A10018 /* OllamaRegistryClient.swift in Sources */ = {isa = PBXBuildFile; fileRef = B10020; };
		A10019 /* OllamaRegistryClientTests.swift in Sources */ = {isa = PBXBuildFile; fileRef = B10021; };
		A10020 /* SessionResetDetector.swift in Sources */ = {isa = PBXBuildFile; fileRef = B10022; };
		A10021 /* SessionResetDetectorTests.swift in Sources */ = {isa = PBXBuildFile; fileRef = B10023; };
		A10022 /* AppDelegateTests.swift in Sources */ = {isa = PBXBuildFile; fileRef = B10024; };
		A10023 /* ChatMessageQueueObservationTests.swift in Sources */ = {isa = PBXBuildFile; fileRef = B10025; };
		A10024 /* ChatStreamTranscriptStoreTests.swift in Sources */ = {isa = PBXBuildFile; fileRef = B10026; };
		A10025 /* KanbanEnabledTests.swift in Sources */ = {isa = PBXBuildFile; fileRef = B10027; };
		A10026 /* AppTextSizeTests.swift in Sources */ = {isa = PBXBuildFile; fileRef = B10028; };
		A10027 /* HourlyUpdateCheckTests.swift in Sources */ = {isa = PBXBuildFile; fileRef = B10029; };
		A10028 /* BackgroundTaskAutoRefreshTests.swift in Sources */ = {isa = PBXBuildFile; fileRef = B10030; };
		A10029 /* RemoteSSHDeploymentTests.swift in Sources */ = {isa = PBXBuildFile; fileRef = B10031; };
		A10030 /* UserAvatarImageTests.swift in Sources */ = {isa = PBXBuildFile; fileRef = B10032; };
		A10031 /* AppUpdateInstallationTests.swift in Sources */ = {isa = PBXBuildFile; fileRef = B10033; };
		A10032 /* WeeModelCatalogTests.swift in Sources */ = {isa = PBXBuildFile; fileRef = B10034; };
		A10040 /* WeeCLIInstaller.swift in Sources */ = {isa = PBXBuildFile; fileRef = B10040; };
		A10041 /* WeeCLIInstallerTests.swift in Sources */ = {isa = PBXBuildFile; fileRef = B10041; };
/* End PBXBuildFile section */

/* Begin PBXFileReference section */
		B10001 /* WeeOrchestratorApp.swift */ = {isa = PBXFileReference; lastKnownFileType = sourcecode.swift; path = WeeOrchestratorApp.swift; sourceTree = "<group>"; };
		B10002 /* ContentView.swift */ = {isa = PBXFileReference; lastKnownFileType = sourcecode.swift; path = ContentView.swift; sourceTree = "<group>"; };
		B10003 /* WeeModels.swift */ = {isa = PBXFileReference; lastKnownFileType = sourcecode.swift; path = WeeModels.swift; sourceTree = "<group>"; };
		B10004 /* WeeAPIClient.swift */ = {isa = PBXFileReference; lastKnownFileType = sourcecode.swift; path = WeeAPIClient.swift; sourceTree = "<group>"; };
		B10005 /* WeeAppModel.swift */ = {isa = PBXFileReference; lastKnownFileType = sourcecode.swift; path = WeeAppModel.swift; sourceTree = "<group>"; };
		B10006 /* KeychainStore.swift */ = {isa = PBXFileReference; lastKnownFileType = sourcecode.swift; path = KeychainStore.swift; sourceTree = "<group>"; };
		B10007 /* WeeTheme.swift */ = {isa = PBXFileReference; lastKnownFileType = sourcecode.swift; path = WeeTheme.swift; sourceTree = "<group>"; };
		B10008 /* ChatView.swift */ = {isa = PBXFileReference; lastKnownFileType = sourcecode.swift; path = ChatView.swift; sourceTree = "<group>"; };
		B10009 /* TasksView.swift */ = {isa = PBXFileReference; lastKnownFileType = sourcecode.swift; path = TasksView.swift; sourceTree = "<group>"; };
		B10010 /* KanbanView.swift */ = {isa = PBXFileReference; lastKnownFileType = sourcecode.swift; path = KanbanView.swift; sourceTree = "<group>"; };
		B10011 /* AgentsView.swift */ = {isa = PBXFileReference; lastKnownFileType = sourcecode.swift; path = AgentsView.swift; sourceTree = "<group>"; };
		B10012 /* SettingsView.swift */ = {isa = PBXFileReference; lastKnownFileType = sourcecode.swift; path = SettingsView.swift; sourceTree = "<group>"; };
		B10016 /* MarkdownText.swift */ = {isa = PBXFileReference; lastKnownFileType = sourcecode.swift; path = MarkdownText.swift; sourceTree = "<group>"; };
		B10013 /* WeeOrchestrator.entitlements */ = {isa = PBXFileReference; lastKnownFileType = text.plist.entitlements; path = WeeOrchestrator.entitlements; sourceTree = "<group>"; };
		B10014 /* Assets.xcassets */ = {isa = PBXFileReference; lastKnownFileType = folder.assetcatalog; path = Assets.xcassets; sourceTree = "<group>"; };
		B10015 /* Info.plist */ = {isa = PBXFileReference; lastKnownFileType = text.plist.xml; path = Info.plist; sourceTree = "<group>"; };
		B10017 /* HistorySessionMerge.swift */ = {isa = PBXFileReference; lastKnownFileType = sourcecode.swift; path = HistorySessionMerge.swift; sourceTree = "<group>"; };
		B10018 /* HistorySessionMergeTests.swift */ = {isa = PBXFileReference; lastKnownFileType = sourcecode.swift; path = HistorySessionMergeTests.swift; sourceTree = "<group>"; };
		B10019 /* LocalModelsView.swift */ = {isa = PBXFileReference; lastKnownFileType = sourcecode.swift; path = LocalModelsView.swift; sourceTree = "<group>"; };
		B10020 /* OllamaRegistryClient.swift */ = {isa = PBXFileReference; lastKnownFileType = sourcecode.swift; path = OllamaRegistryClient.swift; sourceTree = "<group>"; };
		B10021 /* OllamaRegistryClientTests.swift */ = {isa = PBXFileReference; lastKnownFileType = sourcecode.swift; path = OllamaRegistryClientTests.swift; sourceTree = "<group>"; };
		B10022 /* SessionResetDetector.swift */ = {isa = PBXFileReference; lastKnownFileType = sourcecode.swift; path = SessionResetDetector.swift; sourceTree = "<group>"; };
		B10023 /* SessionResetDetectorTests.swift */ = {isa = PBXFileReference; lastKnownFileType = sourcecode.swift; path = SessionResetDetectorTests.swift; sourceTree = "<group>"; };
		B10024 /* AppDelegateTests.swift */ = {isa = PBXFileReference; lastKnownFileType = sourcecode.swift; path = AppDelegateTests.swift; sourceTree = "<group>"; };
		B10025 /* ChatMessageQueueObservationTests.swift */ = {isa = PBXFileReference; lastKnownFileType = sourcecode.swift; path = ChatMessageQueueObservationTests.swift; sourceTree = "<group>"; };
		B10026 /* ChatStreamTranscriptStoreTests.swift */ = {isa = PBXFileReference; lastKnownFileType = sourcecode.swift; path = ChatStreamTranscriptStoreTests.swift; sourceTree = "<group>"; };
		B10027 /* KanbanEnabledTests.swift */ = {isa = PBXFileReference; lastKnownFileType = sourcecode.swift; path = KanbanEnabledTests.swift; sourceTree = "<group>"; };
		B10028 /* AppTextSizeTests.swift */ = {isa = PBXFileReference; lastKnownFileType = sourcecode.swift; path = AppTextSizeTests.swift; sourceTree = "<group>"; };
		B10029 /* HourlyUpdateCheckTests.swift */ = {isa = PBXFileReference; lastKnownFileType = sourcecode.swift; path = HourlyUpdateCheckTests.swift; sourceTree = "<group>"; };
		B10030 /* BackgroundTaskAutoRefreshTests.swift */ = {isa = PBXFileReference; lastKnownFileType = sourcecode.swift; path = BackgroundTaskAutoRefreshTests.swift; sourceTree = "<group>"; };
		B10031 /* RemoteSSHDeploymentTests.swift */ = {isa = PBXFileReference; lastKnownFileType = sourcecode.swift; path = RemoteSSHDeploymentTests.swift; sourceTree = "<group>"; };
		B10032 /* UserAvatarImageTests.swift */ = {isa = PBXFileReference; lastKnownFileType = sourcecode.swift; path = UserAvatarImageTests.swift; sourceTree = "<group>"; };
		B10033 /* AppUpdateInstallationTests.swift */ = {isa = PBXFileReference; lastKnownFileType = sourcecode.swift; path = AppUpdateInstallationTests.swift; sourceTree = "<group>"; };
		B10034 /* WeeModelCatalogTests.swift */ = {isa = PBXFileReference; lastKnownFileType = sourcecode.swift; path = WeeModelCatalogTests.swift; sourceTree = "<group>"; };
		B10040 /* WeeCLIInstaller.swift */ = {isa = PBXFileReference; lastKnownFileType = sourcecode.swift; path = WeeCLIInstaller.swift; sourceTree = "<group>"; };
		B10041 /* WeeCLIInstallerTests.swift */ = {isa = PBXFileReference; lastKnownFileType = sourcecode.swift; path = WeeCLIInstallerTests.swift; sourceTree = "<group>"; };
		P10001 /* WeeOrchestrator.app */ = {isa = PBXFileReference; explicitFileType = wrapper.application; includeInIndex = 0; path = WeeOrchestrator.app; sourceTree = BUILT_PRODUCTS_DIR; };
		P10002 /* WeeOrchestratorTests.xctest */ = {isa = PBXFileReference; explicitFileType = wrapper.cfbundle; includeInIndex = 0; path = WeeOrchestratorTests.xctest; sourceTree = BUILT_PRODUCTS_DIR; };
/* End PBXFileReference section */

/* Begin PBXFrameworksBuildPhase section */
		F10001 = {
			isa = PBXFrameworksBuildPhase;
			buildActionMask = 2147483647;
			files = (
			);
			runOnlyForDeploymentPostprocessing = 0;
		};
		F10002 = {
			isa = PBXFrameworksBuildPhase;
			buildActionMask = 2147483647;
			files = (
			);
			runOnlyForDeploymentPostprocessing = 0;
		};
/* End PBXFrameworksBuildPhase section */

/* Begin PBXGroup section */
		G10001 = {
			isa = PBXGroup;
			children = (
				G10002 /* WeeOrchestrator */,
				G10008 /* WeeOrchestratorTests */,
				G10007 /* Products */,
			);
			sourceTree = "<group>";
		};
		G10002 /* WeeOrchestrator */ = {
			isa = PBXGroup;
			children = (
				B10001 /* WeeOrchestratorApp.swift */,
				B10002 /* ContentView.swift */,
				B10013 /* WeeOrchestrator.entitlements */,
				B10014 /* Assets.xcassets */,
				B10015 /* Info.plist */,
				G10003 /* Models */,
				G10004 /* Services */,
				G10005 /* Theme */,
				G10006 /* Views */,
			);
			path = WeeOrchestrator;
			sourceTree = "<group>";
		};
		G10003 /* Models */ = {
			isa = PBXGroup;
			children = (
				B10003 /* WeeModels.swift */,
			);
			path = Models;
			sourceTree = "<group>";
		};
		G10004 /* Services */ = {
			isa = PBXGroup;
			children = (
				B10004 /* WeeAPIClient.swift */,
				B10005 /* WeeAppModel.swift */,
				B10006 /* KeychainStore.swift */,
				B10017 /* HistorySessionMerge.swift */,
				B10020 /* OllamaRegistryClient.swift */,
				B10022 /* SessionResetDetector.swift */,
				B10040 /* WeeCLIInstaller.swift */,
			);
			path = Services;
			sourceTree = "<group>";
		};
		G10005 /* Theme */ = {
			isa = PBXGroup;
			children = (
				B10007 /* WeeTheme.swift */,
			);
			path = Theme;
			sourceTree = "<group>";
		};
		G10006 /* Views */ = {
			isa = PBXGroup;
			children = (
				B10008 /* ChatView.swift */,
				B10009 /* TasksView.swift */,
				B10010 /* KanbanView.swift */,
				B10011 /* AgentsView.swift */,
				B10012 /* SettingsView.swift */,
				B10016 /* MarkdownText.swift */,
				B10019 /* LocalModelsView.swift */,
			);
			path = Views;
			sourceTree = "<group>";
		};
		G10007 /* Products */ = {
			isa = PBXGroup;
			children = (
				P10001 /* WeeOrchestrator.app */,
				P10002 /* WeeOrchestratorTests.xctest */,
			);
			name = Products;
			sourceTree = "<group>";
		};
		G10008 /* WeeOrchestratorTests */ = {
			isa = PBXGroup;
			children = (
				B10018 /* HistorySessionMergeTests.swift */,
				B10021 /* OllamaRegistryClientTests.swift */,
				B10023 /* SessionResetDetectorTests.swift */,
				B10024 /* AppDelegateTests.swift */,
				B10025 /* ChatMessageQueueObservationTests.swift */,
				B10026 /* ChatStreamTranscriptStoreTests.swift */,
				B10027 /* KanbanEnabledTests.swift */,
				B10028 /* AppTextSizeTests.swift */,
				B10029 /* HourlyUpdateCheckTests.swift */,
				B10030 /* BackgroundTaskAutoRefreshTests.swift */,
				B10031 /* RemoteSSHDeploymentTests.swift */,
				B10032 /* UserAvatarImageTests.swift */,
				B10033 /* AppUpdateInstallationTests.swift */,
				B10034 /* WeeModelCatalogTests.swift */,
				B10041 /* WeeCLIInstallerTests.swift */,
			);
			path = WeeOrchestratorTests;
			sourceTree = "<group>";
		};
/* End PBXGroup section */

/* Begin PBXResourcesBuildPhase section */
		R10001 = {
			isa = PBXResourcesBuildPhase;
			buildActionMask = 2147483647;
			files = (
				A10013 /* Assets.xcassets in Resources */,
			);
			runOnlyForDeploymentPostprocessing = 0;
		};
/* End PBXResourcesBuildPhase section */

/* Begin PBXNativeTarget section */
		T10001 /* WeeOrchestrator */ = {
			isa = PBXNativeTarget;
			buildConfigurationList = CL10002;
			buildPhases = (
				S10001 /* Sources */,
				F10001 /* Frameworks */,
				R10001 /* Resources */,
			);
			buildRules = (
			);
			dependencies = (
			);
			name = WeeOrchestrator;
			productName = WeeOrchestrator;
			productReference = P10001 /* WeeOrchestrator.app */;
			productType = "com.apple.product-type.application";
		};
		T10002 /* WeeOrchestratorTests */ = {
			isa = PBXNativeTarget;
			buildConfigurationList = CL10003;
			buildPhases = (
				S10002 /* Sources */,
				F10002 /* Frameworks */,
			);
			buildRules = (
			);
			dependencies = (
				D10001 /* PBXTargetDependency */,
			);
			name = WeeOrchestratorTests;
			productName = WeeOrchestratorTests;
			productReference = P10002 /* WeeOrchestratorTests.xctest */;
			productType = "com.apple.product-type.bundle.unit-test";
		};
/* End PBXNativeTarget section */

/* Begin PBXContainerItemProxy section */
		CI10001 /* PBXContainerItemProxy */ = {
			isa = PBXContainerItemProxy;
			containerPortal = PR10001 /* Project object */;
			proxyType = 1;
			remoteGlobalIDString = T10001;
			remoteInfo = WeeOrchestrator;
		};
/* End PBXContainerItemProxy section */

/* Begin PBXTargetDependency section */
		D10001 /* PBXTargetDependency */ = {
			isa = PBXTargetDependency;
			target = T10001 /* WeeOrchestrator */;
			targetProxy = CI10001 /* PBXContainerItemProxy */;
		};
/* End PBXTargetDependency section */

/* Begin PBXProject section */
		PR10001 /* Project object */ = {
			isa = PBXProject;
			attributes = {
				BuildIndependentTargetsInParallel = 1;
				LastSwiftUpdateCheck = 1600;
				LastUpgradeCheck = 1600;
			};
			buildConfigurationList = CL10001;
			compatibilityVersion = "Xcode 14.0";
			developmentRegion = en;
			hasScannedForEncodings = 0;
			knownRegions = (
				en,
				Base,
			);
			mainGroup = G10001;
			productRefGroup = G10007 /* Products */;
			projectDirPath = "";
			projectRoot = "";
			targets = (
				T10001 /* WeeOrchestrator */,
				T10002 /* WeeOrchestratorTests */,
			);
		};
/* End PBXProject section */

/* Begin PBXSourcesBuildPhase section */
		S10001 /* Sources */ = {
			isa = PBXSourcesBuildPhase;
			buildActionMask = 2147483647;
			files = (
				A10001,
				A10002,
				A10003,
				A10004,
				A10005,
				A10006,
				A10007,
				A10008,
				A10009,
				A10010,
				A10011,
				A10012,
				A10014,
				A10015,
				A10017,
				A10018,
				A10020,
				A10040,
			);
			runOnlyForDeploymentPostprocessing = 0;
		};
		S10002 /* Sources */ = {
			isa = PBXSourcesBuildPhase;
			buildActionMask = 2147483647;
			files = (
				A10016,
				A10019,
				A10021,
				A10022,
				A10023,
				A10024,
				A10025,
				A10026,
				A10027,
				A10028,
				A10029,
				A10030,
				A10031,
				A10032,
				A10041,
			);
			runOnlyForDeploymentPostprocessing = 0;
		};
/* End PBXSourcesBuildPhase section */

/* Begin XCBuildConfiguration section */
		BC10001 /* Debug */ = {
			isa = XCBuildConfiguration;
			buildSettings = {
				ALWAYS_SEARCH_USER_PATHS = NO;
				CLANG_ENABLE_MODULES = YES;
				CLANG_ENABLE_OBJC_ARC = YES;
				CODE_SIGN_STYLE = Automatic;
				COPY_PHASE_STRIP = NO;
				DEBUG_INFORMATION_FORMAT = dwarf;
				ENABLE_STRICT_OBJC_MSGSEND = YES;
				ENABLE_TESTABILITY = YES;
				GCC_DYNAMIC_NO_PIC = NO;
				GCC_OPTIMIZATION_LEVEL = 0;
				GCC_PREPROCESSOR_DEFINITIONS = (
					"DEBUG=1",
					"$(inherited)",
				);
				MACOSX_DEPLOYMENT_TARGET = 14.0;
				MTL_ENABLE_DEBUG_INFO = INCLUDE_SOURCE;
				ONLY_ACTIVE_ARCH = YES;
				SDKROOT = macosx;
				SWIFT_ACTIVE_COMPILATION_CONDITIONS = DEBUG;
				SWIFT_OPTIMIZATION_LEVEL = "-Onone";
				SWIFT_VERSION = 5.0;
			};
			name = Debug;
		};
		BC10002 /* Release */ = {
			isa = XCBuildConfiguration;
			buildSettings = {
				ALWAYS_SEARCH_USER_PATHS = NO;
				CLANG_ENABLE_MODULES = YES;
				CLANG_ENABLE_OBJC_ARC = YES;
				CODE_SIGN_STYLE = Automatic;
				COPY_PHASE_STRIP = NO;
				DEBUG_INFORMATION_FORMAT = "dwarf-with-dsym";
				ENABLE_NS_ASSERTIONS = NO;
				ENABLE_STRICT_OBJC_MSGSEND = YES;
				ENABLE_TESTABILITY = YES;
				MACOSX_DEPLOYMENT_TARGET = 14.0;
				SDKROOT = macosx;
				SWIFT_COMPILATION_MODE = wholemodule;
				SWIFT_OPTIMIZATION_LEVEL = "-O";
				SWIFT_VERSION = 5.0;
			};
			name = Release;
		};
		BC10003 /* Debug */ = {
			isa = XCBuildConfiguration;
			buildSettings = {
				ASSETCATALOG_COMPILER_APPICON_NAME = AppIcon;
				CODE_SIGN_ENTITLEMENTS = WeeOrchestrator/WeeOrchestrator.entitlements;
				CODE_SIGN_STYLE = Automatic;
				COMBINE_HIDPI_IMAGES = YES;
				CURRENT_PROJECT_VERSION = 11;
				DEVELOPMENT_TEAM = R365ZMKGT6;
				GENERATE_INFOPLIST_FILE = YES;
				INFOPLIST_FILE = WeeOrchestrator/Info.plist;
				INFOPLIST_KEY_CFBundleDisplayName = "Wee Orchestrator";
				INFOPLIST_KEY_LSApplicationCategoryType = "public.app-category.productivity";
				INFOPLIST_KEY_NSHumanReadableCopyright = "Copyright 2026 Lipkey Family";
				MACOSX_DEPLOYMENT_TARGET = 14.0;
				MARKETING_VERSION = 0.6.0;
				PRODUCT_BUNDLE_IDENTIFIER = com.lipkey.weeorchestrator.macos;
				PRODUCT_NAME = "$(TARGET_NAME)";
				SDKROOT = macosx;
				SWIFT_EMIT_LOC_STRINGS = YES;
				SWIFT_VERSION = 5.0;
			};
			name = Debug;
		};
		BC10004 /* Release */ = {
			isa = XCBuildConfiguration;
			buildSettings = {
				ASSETCATALOG_COMPILER_APPICON_NAME = AppIcon;
				CODE_SIGN_ENTITLEMENTS = WeeOrchestrator/WeeOrchestrator.entitlements;
				CODE_SIGN_STYLE = Automatic;
				COMBINE_HIDPI_IMAGES = YES;
				CURRENT_PROJECT_VERSION = 11;
				DEVELOPMENT_TEAM = R365ZMKGT6;
				GENERATE_INFOPLIST_FILE = YES;
				INFOPLIST_FILE = WeeOrchestrator/Info.plist;
				INFOPLIST_KEY_CFBundleDisplayName = "Wee Orchestrator";
				INFOPLIST_KEY_LSApplicationCategoryType = "public.app-category.productivity";
				INFOPLIST_KEY_NSHumanReadableCopyright = "Copyright 2026 Lipkey Family";
				MACOSX_DEPLOYMENT_TARGET = 14.0;
				MARKETING_VERSION = 0.6.0;
				PRODUCT_BUNDLE_IDENTIFIER = com.lipkey.weeorchestrator.macos;
				PRODUCT_NAME = "$(TARGET_NAME)";
				SDKROOT = macosx;
				SWIFT_EMIT_LOC_STRINGS = YES;
				SWIFT_VERSION = 5.0;
			};
			name = Release;
		};
		BC10005 /* Debug */ = {
			isa = XCBuildConfiguration;
			buildSettings = {
				BUNDLE_LOADER = "$(TEST_HOST)";
				CODE_SIGN_STYLE = Automatic;
				CURRENT_PROJECT_VERSION = 11;
				DEVELOPMENT_TEAM = R365ZMKGT6;
				GENERATE_INFOPLIST_FILE = YES;
				MACOSX_DEPLOYMENT_TARGET = 14.0;
				MARKETING_VERSION = 0.6.0;
				PRODUCT_BUNDLE_IDENTIFIER = com.lipkey.weeorchestrator.macos.tests;
				PRODUCT_NAME = "$(TARGET_NAME)";
				SDKROOT = macosx;
				SWIFT_VERSION = 5.0;
				TEST_HOST = "$(BUILT_PRODUCTS_DIR)/WeeOrchestrator.app/Contents/MacOS/WeeOrchestrator";
			};
			name = Debug;
		};
		BC10006 /* Release */ = {
			isa = XCBuildConfiguration;
			buildSettings = {
				BUNDLE_LOADER = "$(TEST_HOST)";
				CODE_SIGN_STYLE = Automatic;
				CURRENT_PROJECT_VERSION = 11;
				DEVELOPMENT_TEAM = R365ZMKGT6;
				GENERATE_INFOPLIST_FILE = YES;
				MACOSX_DEPLOYMENT_TARGET = 14.0;
				MARKETING_VERSION = 0.6.0;
				PRODUCT_BUNDLE_IDENTIFIER = com.lipkey.weeorchestrator.macos.tests;
				PRODUCT_NAME = "$(TARGET_NAME)";
				SDKROOT = macosx;
				SWIFT_VERSION = 5.0;
				TEST_HOST = "$(BUILT_PRODUCTS_DIR)/WeeOrchestrator.app/Contents/MacOS/WeeOrchestrator";
			};
			name = Release;
		};
/* End XCBuildConfiguration section */

/* Begin XCConfigurationList section */
		CL10001 /* Build configuration list for PBXProject */ = {
			isa = XCConfigurationList;
			buildConfigurations = (
				BC10001 /* Debug */,
				BC10002 /* Release */,
			);
			defaultConfigurationIsVisible = 0;
			defaultConfigurationName = Release;
		};
		CL10002 /* Build configuration list for PBXNativeTarget */ = {
			isa = XCConfigurationList;
			buildConfigurations = (
				BC10003 /* Debug */,
				BC10004 /* Release */,
			);
			defaultConfigurationIsVisible = 0;
			defaultConfigurationName = Release;
		};
		CL10003 /* Build configuration list for PBXNativeTarget "WeeOrchestratorTests" */ = {
			isa = XCConfigurationList;
			buildConfigurations = (
				BC10005 /* Debug */,
				BC10006 /* Release */,
			);
			defaultConfigurationIsVisible = 0;
			defaultConfigurationName = Release;
		};
/* End XCConfigurationList section */

	};
	rootObject = PR10001 /* Project object */;
}
